
Microsoft Visual Studio Solution File, Format Version 12.00
# Visual Studio Version 16
VisualStudioVersion = 16.0.30406.217
MinimumVisualStudioVersion = 10.0.40219.1
Project("{FAE04EC0-301F-11D3-BF4B-00C04F79EFBC}") = "AnuitexTraining.PresentationLayer", "AnuitexTraining\AnuitexTraining.PresentationLayer.csproj", "{A2BBF39C-0830-4209-98B3-D07520813169}"
EndProject
Project("{FAE04EC0-301F-11D3-BF4B-00C04F79EFBC}") = "AnuitexTraining.BusinessLogicLayer", "AnuitexTraining.BusinessLogicLayer\AnuitexTraining.BusinessLogicLayer.csproj", "{51FCC097-3230-4843-BC87-6E83ECA67D2C}"
EndProject
Project("{FAE04EC0-301F-11D3-BF4B-00C04F79EFBC}") = "AnuitexTraining.DataAccessLayer", "AnuitexTraining.DataAccessLayer\AnuitexTraining.DataAccessLayer.csproj", "{B42C28C7-7619-47F0-BB65-129685B17CB4}"
EndProject
Global
	GlobalSection(SolutionConfigurationPlatforms) = preSolution
		Debug|Any CPU = Debug|Any CPU
		Release|Any CPU = Release|Any CPU
	EndGlobalSection
	GlobalSection(ProjectConfigurationPlatforms) = postSolution
		{A2BBF39C-0830-4209-98B3-D07520813169}.Debug|Any CPU.ActiveCfg = Debug|Any CPU
		{A2BBF39C-0830-4209-98B3-D07520813169}.Debug|Any CPU.Build.0 = Debug|Any CPU
		{A2BBF39C-0830-4209-98B3-D07520813169}.Release|Any CPU.ActiveCfg = Release|Any CPU
		{A2BBF39C-0830-4209-98B3-D07520813169}.Release|Any CPU.Build.0 = Release|Any CPU
		{51FCC097-3230-4843-BC87-6E83ECA67D2C}.Debug|Any CPU.ActiveCfg = Debug|Any CPU
		{51FCC097-3230-4843-BC87-6E83ECA67D2C}.Debug|Any CPU.Build.0 = Debug|Any CPU
		{51FCC097-3230-4843-BC87-6E83ECA67D2C}.Release|Any CPU.ActiveCfg = Release|Any CPU
		{51FCC097-3230-4843-BC87-6E83ECA67D2C}.Release|Any CPU.Build.0 = Release|Any CPU
		{B42C28C7-7619-47F0-BB65-129685B17CB4}.Debug|Any CPU.ActiveCfg = Debug|Any CPU
		{B42C28C7-7619-47F0-BB65-129685B17CB4}.Debug|Any CPU.Build.0 = Debug|Any CPU
		{B42C28C7-7619-47F0-BB65-129685B17CB4}.Release|Any CPU.ActiveCfg = Release|Any CPU
		{B42C28C7-7619-47F0-BB65-129685B17CB4}.Release|Any CPU.Build.0 = Release|Any CPU
	EndGlobalSection
	GlobalSection(SolutionProperties) = preSolution
		HideSolutionNode = FALSE
	EndGlobalSection
	GlobalSection(ExtensibilityGlobals) = postSolution
		SolutionGuid = {5E3ACF30-B5A1-454C-B773-1BCAECAB3EDA}
	EndGlobalSection
EndGlobal
